
Microsoft Visual Studio Solution File, Format Version 12.00
# Visual Studio Version 16
VisualStudioVersion = 16.0.31702.278
MinimumVisualStudioVersion = 10.0.40219.1
Project("{9A19103F-16F7-4668-BE54-9A1E7A4F7556}") = "P001-HelloWorld", "P001-HelloWorld\P001-HelloWorld.csproj", "{A0AD18A5-82E4-46D2-8F2A-52B5FB11508E}"
EndProject
Project("{9A19103F-16F7-4668-BE54-9A1E7A4F7556}") = "P002-DeclareVariable", "P002-DeclareVariable\P002-DeclareVariable.csproj", "{C1137DA0-110B-42BD-809B-1FED7148724C}"
EndProject
Project("{9A19103F-16F7-4668-BE54-9A1E7A4F7556}") = "P003-IfStatement", "P003-IfStatement\P003-IfStatement.csproj", "{F199EB20-3777-4474-9E42-1154780DE4F1}"
EndProject
Project("{9A19103F-16F7-4668-BE54-9A1E7A4F7556}") = "P004-NestedIF", "P004-NestedIF\P004-NestedIF.csproj", "{A22CBDAF-616C-4C1A-8C20-04A8F7BBBC3A}"
EndProject
Project("{9A19103F-16F7-4668-BE54-9A1E7A4F7556}") = "P005-SwitchCase", "P005-SwitchCase\P005-SwitchCase.csproj", "{92109445-F60A-4DEB-A09B-15A9D9CBC908}"
EndProject
Project("{9A19103F-16F7-4668-BE54-9A1E7A4F7556}") = "P006-WhileLoop", "P006-WhileLoop\P006-WhileLoop.csproj", "{9F04201E-7FEB-4809-A6FB-3FB6B156DDFF}"
EndProject
Project("{9A19103F-16F7-4668-BE54-9A1E7A4F7556}") = "P007-DoWhileLoop", "P007-DoWhileLoop\P007-DoWhileLoop.csproj", "{DB486DDC-6F7F-481C-912E-F9FB79BDAAF4}"
EndProject
Project("{9A19103F-16F7-4668-BE54-9A1E7A4F7556}") = "P008-ForLoop", "P008-ForLoop\P008-ForLoop.csproj", "{F8E2D2E3-3937-438D-89FD-C544D4FAA9BB}"
EndProject
Project("{9A19103F-16F7-4668-BE54-9A1E7A4F7556}") = "P009-BreakStatement", "P009-BreakStatement\P009-BreakStatement.csproj", "{C7C0749A-A50A-44C0-B4C9-AB1BD8F42D24}"
EndProject
Project("{9A19103F-16F7-4668-BE54-9A1E7A4F7556}") = "P010-ContinueStatement", "P010-ContinueStatement\P010-ContinueStatement.csproj", "{14DC3124-BAE8-43CB-BF2E-F540A406B5BC}"
EndProject
Project("{9A19103F-16F7-4668-BE54-9A1E7A4F7556}") = "P000-BankPresentation", "P000-BankPresentation\P000-BankPresentation.csproj", "{D1DF3B29-FB2D-4D97-BC9F-E9BB5A7D6109}"
EndProject
Project("{9A19103F-16F7-4668-BE54-9A1E7A4F7556}") = "P011-FieldsClassLibrary", "P011-FieldsClassLibrary\P011-FieldsClassLibrary.csproj", "{EC150BA3-8C0C-4553-BF80-8162A62A1D34}"
EndProject
Project("{9A19103F-16F7-4668-BE54-9A1E7A4F7556}") = "P011-Fields", "P011-Fields\P011-Fields.csproj", "{5B4D2735-5F93-4510-A9FA-8E87139B2B79}"
EndProject
Project("{9A19103F-16F7-4668-BE54-9A1E7A4F7556}") = "P012-RefReturn", "P012-RefReturn\P012-RefReturn.csproj", "{47E790FB-4583-4515-9777-DB4818906229}"
EndProject
Project("{9A19103F-16F7-4668-BE54-9A1E7A4F7556}") = "P013-ParamsEx", "P013-ParamsEx\P013-ParamsEx.csproj", "{A7C3AB8D-689F-40AB-9193-904A471B04DF}"
EndProject
Project("{9A19103F-16F7-4668-BE54-9A1E7A4F7556}") = "P014-LocalFunction", "P014-LocalFunction\P014-LocalFunction.csproj", "{CEFDC248-2F64-4A54-8F93-581E941AF81F}"
EndProject
Project("{9A19103F-16F7-4668-BE54-9A1E7A4F7556}") = "P015-RecursionFactorial", "P015-RecursionFactorial\P015-RecursionFactorial.csproj", "{419218D4-B434-4D44-BDAC-99C4A4CABC6B}"
EndProject
Project("{9A19103F-16F7-4668-BE54-9A1E7A4F7556}") = "P016-ImplicitConversion", "P016-ImplicitConversion\P016-ImplicitConversion.csproj", "{F8249448-05C5-4917-8147-01685B63B0C6}"
EndProject
Project("{9A19103F-16F7-4668-BE54-9A1E7A4F7556}") = "P017-ExplicitCasting", "P017-ExplicitCasting\P017-ExplicitCasting.csproj", "{DF7AEA68-44B8-4D6E-AD6E-32331BEC748C}"
EndProject
Project("{9A19103F-16F7-4668-BE54-9A1E7A4F7556}") = "P018-Parsing", "P018-Parsing\P018-Parsing.csproj", "{FED1F15E-6D4B-4E1B-9364-F8516E3CE5E6}"
EndProject
Project("{9A19103F-16F7-4668-BE54-9A1E7A4F7556}") = "P019-TryParse", "P019-TryParse\P019-TryParse.csproj", "{3DF248F9-3E2B-473E-B0B5-87F202887419}"
EndProject
Project("{9A19103F-16F7-4668-BE54-9A1E7A4F7556}") = "P020-ConversionMethod", "P020-ConversionMethod\P020-ConversionMethod.csproj", "{39B8CDBE-A962-43ED-9C40-7D347413AC68}"
EndProject
Project("{9A19103F-16F7-4668-BE54-9A1E7A4F7556}") = "P021-Indexers", "P021-Indexers\P021-Indexers.csproj", "{BC33222B-83B4-438D-B34B-4F3DE149FCDF}"
EndProject
Project("{9A19103F-16F7-4668-BE54-9A1E7A4F7556}") = "P021-IndexersLibrary", "P021-IndexersLibrary\P021-IndexersLibrary.csproj", "{FD596EA0-B0AB-41D4-BFB0-1FED906B5993}"
EndProject
Project("{9A19103F-16F7-4668-BE54-9A1E7A4F7556}") = "P022-MethodHiding", "P022-MethodHiding\P022-MethodHiding.csproj", "{F0BD455F-3D27-4E4B-8F8D-751EE2CFB458}"
EndProject
Project("{9A19103F-16F7-4668-BE54-9A1E7A4F7556}") = "P023-MethodOverriding", "P023-MethodOverriding\P023-MethodOverriding.csproj", "{72D6EF17-D374-4278-B869-ABF8866E9F4B}"
EndProject
Project("{FAE04EC0-301F-11D3-BF4B-00C04F79EFBC}") = "P024-PartialClassLibrary", "P024-PartialClassLibrary\P024-PartialClassLibrary.csproj", "{9FF08570-8D03-4041-A31F-AB3464F583B9}"
EndProject
Project("{FAE04EC0-301F-11D3-BF4B-00C04F79EFBC}") = "P024-PartialClass", "P024-PartialClass\P024-PartialClass.csproj", "{DC18F3CA-6898-4B3B-A077-E64575E323F6}"
EndProject
Global
	GlobalSection(SolutionConfigurationPlatforms) = preSolution
		Debug|Any CPU = Debug|Any CPU
		Release|Any CPU = Release|Any CPU
	EndGlobalSection
	GlobalSection(ProjectConfigurationPlatforms) = postSolution
		{A0AD18A5-82E4-46D2-8F2A-52B5FB11508E}.Debug|Any CPU.ActiveCfg = Debug|Any CPU
		{A0AD18A5-82E4-46D2-8F2A-52B5FB11508E}.Debug|Any CPU.Build.0 = Debug|Any CPU
		{A0AD18A5-82E4-46D2-8F2A-52B5FB11508E}.Release|Any CPU.ActiveCfg = Release|Any CPU
		{A0AD18A5-82E4-46D2-8F2A-52B5FB11508E}.Release|Any CPU.Build.0 = Release|Any CPU
		{C1137DA0-110B-42BD-809B-1FED7148724C}.Debug|Any CPU.ActiveCfg = Debug|Any CPU
		{C1137DA0-110B-42BD-809B-1FED7148724C}.Debug|Any CPU.Build.0 = Debug|Any CPU
		{C1137DA0-110B-42BD-809B-1FED7148724C}.Release|Any CPU.ActiveCfg = Release|Any CPU
		{C1137DA0-110B-42BD-809B-1FED7148724C}.Release|Any CPU.Build.0 = Release|Any CPU
		{F199EB20-3777-4474-9E42-1154780DE4F1}.Debug|Any CPU.ActiveCfg = Debug|Any CPU
		{F199EB20-3777-4474-9E42-1154780DE4F1}.Debug|Any CPU.Build.0 = Debug|Any CPU
		{F199EB20-3777-4474-9E42-1154780DE4F1}.Release|Any CPU.ActiveCfg = Release|Any CPU
		{F199EB20-3777-4474-9E42-1154780DE4F1}.Release|Any CPU.Build.0 = Release|Any CPU
		{A22CBDAF-616C-4C1A-8C20-04A8F7BBBC3A}.Debug|Any CPU.ActiveCfg = Debug|Any CPU
		{A22CBDAF-616C-4C1A-8C20-04A8F7BBBC3A}.Debug|Any CPU.Build.0 = Debug|Any CPU
		{A22CBDAF-616C-4C1A-8C20-04A8F7BBBC3A}.Release|Any CPU.ActiveCfg = Release|Any CPU
		{A22CBDAF-616C-4C1A-8C20-04A8F7BBBC3A}.Release|Any CPU.Build.0 = Release|Any CPU
		{92109445-F60A-4DEB-A09B-15A9D9CBC908}.Debug|Any CPU.ActiveCfg = Debug|Any CPU
		{92109445-F60A-4DEB-A09B-15A9D9CBC908}.Debug|Any CPU.Build.0 = Debug|Any CPU
		{92109445-F60A-4DEB-A09B-15A9D9CBC908}.Release|Any CPU.ActiveCfg = Release|Any CPU
		{92109445-F60A-4DEB-A09B-15A9D9CBC908}.Release|Any CPU.Build.0 = Release|Any CPU
		{9F04201E-7FEB-4809-A6FB-3FB6B156DDFF}.Debug|Any CPU.ActiveCfg = Debug|Any CPU
		{9F04201E-7FEB-4809-A6FB-3FB6B156DDFF}.Debug|Any CPU.Build.0 = Debug|Any CPU
		{9F04201E-7FEB-4809-A6FB-3FB6B156DDFF}.Release|Any CPU.ActiveCfg = Release|Any CPU
		{9F04201E-7FEB-4809-A6FB-3FB6B156DDFF}.Release|Any CPU.Build.0 = Release|Any CPU
		{DB486DDC-6F7F-481C-912E-F9FB79BDAAF4}.Debug|Any CPU.ActiveCfg = Debug|Any CPU
		{DB486DDC-6F7F-481C-912E-F9FB79BDAAF4}.Debug|Any CPU.Build.0 = Debug|Any CPU
		{DB486DDC-6F7F-481C-912E-F9FB79BDAAF4}.Release|Any CPU.ActiveCfg = Release|Any CPU
		{DB486DDC-6F7F-481C-912E-F9FB79BDAAF4}.Release|Any CPU.Build.0 = Release|Any CPU
		{F8E2D2E3-3937-438D-89FD-C544D4FAA9BB}.Debug|Any CPU.ActiveCfg = Debug|Any CPU
		{F8E2D2E3-3937-438D-89FD-C544D4FAA9BB}.Debug|Any CPU.Build.0 = Debug|Any CPU
		{F8E2D2E3-3937-438D-89FD-C544D4FAA9BB}.Release|Any CPU.ActiveCfg = Release|Any CPU
		{F8E2D2E3-3937-438D-89FD-C544D4FAA9BB}.Release|Any CPU.Build.0 = Release|Any CPU
		{C7C0749A-A50A-44C0-B4C9-AB1BD8F42D24}.Debug|Any CPU.ActiveCfg = Debug|Any CPU
		{C7C0749A-A50A-44C0-B4C9-AB1BD8F42D24}.Debug|Any CPU.Build.0 = Debug|Any CPU
		{C7C0749A-A50A-44C0-B4C9-AB1BD8F42D24}.Release|Any CPU.ActiveCfg = Release|Any CPU
		{C7C0749A-A50A-44C0-B4C9-AB1BD8F42D24}.Release|Any CPU.Build.0 = Release|Any CPU
		{14DC3124-BAE8-43CB-BF2E-F540A406B5BC}.Debug|Any CPU.ActiveCfg = Debug|Any CPU
		{14DC3124-BAE8-43CB-BF2E-F540A406B5BC}.Debug|Any CPU.Build.0 = Debug|Any CPU
		{14DC3124-BAE8-43CB-BF2E-F540A406B5BC}.Release|Any CPU.ActiveCfg = Release|Any CPU
		{14DC3124-BAE8-43CB-BF2E-F540A406B5BC}.Release|Any CPU.Build.0 = Release|Any CPU
		{D1DF3B29-FB2D-4D97-BC9F-E9BB5A7D6109}.Debug|Any CPU.ActiveCfg = Debug|Any CPU
		{D1DF3B29-FB2D-4D97-BC9F-E9BB5A7D6109}.Debug|Any CPU.Build.0 = Debug|Any CPU
		{D1DF3B29-FB2D-4D97-BC9F-E9BB5A7D6109}.Release|Any CPU.ActiveCfg = Release|Any CPU
		{D1DF3B29-FB2D-4D97-BC9F-E9BB5A7D6109}.Release|Any CPU.Build.0 = Release|Any CPU
		{EC150BA3-8C0C-4553-BF80-8162A62A1D34}.Debug|Any CPU.ActiveCfg = Debug|Any CPU
		{EC150BA3-8C0C-4553-BF80-8162A62A1D34}.Debug|Any CPU.Build.0 = Debug|Any CPU
		{EC150BA3-8C0C-4553-BF80-8162A62A1D34}.Release|Any CPU.ActiveCfg = Release|Any CPU
		{EC150BA3-8C0C-4553-BF80-8162A62A1D34}.Release|Any CPU.Build.0 = Release|Any CPU
		{5B4D2735-5F93-4510-A9FA-8E87139B2B79}.Debug|Any CPU.ActiveCfg = Debug|Any CPU
		{5B4D2735-5F93-4510-A9FA-8E87139B2B79}.Debug|Any CPU.Build.0 = Debug|Any CPU
		{5B4D2735-5F93-4510-A9FA-8E87139B2B79}.Release|Any CPU.ActiveCfg = Release|Any CPU
		{5B4D2735-5F93-4510-A9FA-8E87139B2B79}.Release|Any CPU.Build.0 = Release|Any CPU
		{47E790FB-4583-4515-9777-DB4818906229}.Debug|Any CPU.ActiveCfg = Debug|Any CPU
		{47E790FB-4583-4515-9777-DB4818906229}.Debug|Any CPU.Build.0 = Debug|Any CPU
		{47E790FB-4583-4515-9777-DB4818906229}.Release|Any CPU.ActiveCfg = Release|Any CPU
		{47E790FB-4583-4515-9777-DB4818906229}.Release|Any CPU.Build.0 = Release|Any CPU
		{A7C3AB8D-689F-40AB-9193-904A471B04DF}.Debug|Any CPU.ActiveCfg = Debug|Any CPU
		{A7C3AB8D-689F-40AB-9193-904A471B04DF}.Debug|Any CPU.Build.0 = Debug|Any CPU
		{A7C3AB8D-689F-40AB-9193-904A471B04DF}.Release|Any CPU.ActiveCfg = Release|Any CPU
		{A7C3AB8D-689F-40AB-9193-904A471B04DF}.Release|Any CPU.Build.0 = Release|Any CPU
		{CEFDC248-2F64-4A54-8F93-581E941AF81F}.Debug|Any CPU.ActiveCfg = Debug|Any CPU
		{CEFDC248-2F64-4A54-8F93-581E941AF81F}.Debug|Any CPU.Build.0 = Debug|Any CPU
		{CEFDC248-2F64-4A54-8F93-581E941AF81F}.Release|Any CPU.ActiveCfg = Release|Any CPU
		{CEFDC248-2F64-4A54-8F93-581E941AF81F}.Release|Any CPU.Build.0 = Release|Any CPU
		{419218D4-B434-4D44-BDAC-99C4A4CABC6B}.Debug|Any CPU.ActiveCfg = Debug|Any CPU
		{419218D4-B434-4D44-BDAC-99C4A4CABC6B}.Debug|Any CPU.Build.0 = Debug|Any CPU
		{419218D4-B434-4D44-BDAC-99C4A4CABC6B}.Release|Any CPU.ActiveCfg = Release|Any CPU
		{419218D4-B434-4D44-BDAC-99C4A4CABC6B}.Release|Any CPU.Build.0 = Release|Any CPU
		{F8249448-05C5-4917-8147-01685B63B0C6}.Debug|Any CPU.ActiveCfg = Debug|Any CPU
		{F8249448-05C5-4917-8147-01685B63B0C6}.Debug|Any CPU.Build.0 = Debug|Any CPU
		{F8249448-05C5-4917-8147-01685B63B0C6}.Release|Any CPU.ActiveCfg = Release|Any CPU
		{F8249448-05C5-4917-8147-01685B63B0C6}.Release|Any CPU.Build.0 = Release|Any CPU
		{DF7AEA68-44B8-4D6E-AD6E-32331BEC748C}.Debug|Any CPU.ActiveCfg = Debug|Any CPU
		{DF7AEA68-44B8-4D6E-AD6E-32331BEC748C}.Debug|Any CPU.Build.0 = Debug|Any CPU
		{DF7AEA68-44B8-4D6E-AD6E-32331BEC748C}.Release|Any CPU.ActiveCfg = Release|Any CPU
		{DF7AEA68-44B8-4D6E-AD6E-32331BEC748C}.Release|Any CPU.Build.0 = Release|Any CPU
		{FED1F15E-6D4B-4E1B-9364-F8516E3CE5E6}.Debug|Any CPU.ActiveCfg = Debug|Any CPU
		{FED1F15E-6D4B-4E1B-9364-F8516E3CE5E6}.Debug|Any CPU.Build.0 = Debug|Any CPU
		{FED1F15E-6D4B-4E1B-9364-F8516E3CE5E6}.Release|Any CPU.ActiveCfg = Release|Any CPU
		{FED1F15E-6D4B-4E1B-9364-F8516E3CE5E6}.Release|Any CPU.Build.0 = Release|Any CPU
		{3DF248F9-3E2B-473E-B0B5-87F202887419}.Debug|Any CPU.ActiveCfg = Debug|Any CPU
		{3DF248F9-3E2B-473E-B0B5-87F202887419}.Debug|Any CPU.Build.0 = Debug|Any CPU
		{3DF248F9-3E2B-473E-B0B5-87F202887419}.Release|Any CPU.ActiveCfg = Release|Any CPU
		{3DF248F9-3E2B-473E-B0B5-87F202887419}.Release|Any CPU.Build.0 = Release|Any CPU
		{39B8CDBE-A962-43ED-9C40-7D347413AC68}.Debug|Any CPU.ActiveCfg = Debug|Any CPU
		{39B8CDBE-A962-43ED-9C40-7D347413AC68}.Debug|Any CPU.Build.0 = Debug|Any CPU
		{39B8CDBE-A962-43ED-9C40-7D347413AC68}.Release|Any CPU.ActiveCfg = Release|Any CPU
		{39B8CDBE-A962-43ED-9C40-7D347413AC68}.Release|Any CPU.Build.0 = Release|Any CPU
		{BC33222B-83B4-438D-B34B-4F3DE149FCDF}.Debug|Any CPU.ActiveCfg = Debug|Any CPU
		{BC33222B-83B4-438D-B34B-4F3DE149FCDF}.Debug|Any CPU.Build.0 = Debug|Any CPU
		{BC33222B-83B4-438D-B34B-4F3DE149FCDF}.Release|Any CPU.ActiveCfg = Release|Any CPU
		{BC33222B-83B4-438D-B34B-4F3DE149FCDF}.Release|Any CPU.Build.0 = Release|Any CPU
		{FD596EA0-B0AB-41D4-BFB0-1FED906B5993}.Debug|Any CPU.ActiveCfg = Debug|Any CPU
		{FD596EA0-B0AB-41D4-BFB0-1FED906B5993}.Debug|Any CPU.Build.0 = Debug|Any CPU
		{FD596EA0-B0AB-41D4-BFB0-1FED906B5993}.Release|Any CPU.ActiveCfg = Release|Any CPU
		{FD596EA0-B0AB-41D4-BFB0-1FED906B5993}.Release|Any CPU.Build.0 = Release|Any CPU
		{F0BD455F-3D27-4E4B-8F8D-751EE2CFB458}.Debug|Any CPU.ActiveCfg = Debug|Any CPU
		{F0BD455F-3D27-4E4B-8F8D-751EE2CFB458}.Debug|Any CPU.Build.0 = Debug|Any CPU
		{F0BD455F-3D27-4E4B-8F8D-751EE2CFB458}.Release|Any CPU.ActiveCfg = Release|Any CPU
		{F0BD455F-3D27-4E4B-8F8D-751EE2CFB458}.Release|Any CPU.Build.0 = Release|Any CPU
		{72D6EF17-D374-4278-B869-ABF8866E9F4B}.Debug|Any CPU.ActiveCfg = Debug|Any CPU
		{72D6EF17-D374-4278-B869-ABF8866E9F4B}.Debug|Any CPU.Build.0 = Debug|Any CPU
		{72D6EF17-D374-4278-B869-ABF8866E9F4B}.Release|Any CPU.ActiveCfg = Release|Any CPU
		{72D6EF17-D374-4278-B869-ABF8866E9F4B}.Release|Any CPU.Build.0 = Release|Any CPU
		{9FF08570-8D03-4041-A31F-AB3464F583B9}.Debug|Any CPU.ActiveCfg = Debug|Any CPU
		{9FF08570-8D03-4041-A31F-AB3464F583B9}.Debug|Any CPU.Build.0 = Debug|Any CPU
		{9FF08570-8D03-4041-A31F-AB3464F583B9}.Release|Any CPU.ActiveCfg = Release|Any CPU
		{9FF08570-8D03-4041-A31F-AB3464F583B9}.Release|Any CPU.Build.0 = Release|Any CPU
		{DC18F3CA-6898-4B3B-A077-E64575E323F6}.Debug|Any CPU.ActiveCfg = Debug|Any CPU
		{DC18F3CA-6898-4B3B-A077-E64575E323F6}.Debug|Any CPU.Build.0 = Debug|Any CPU
		{DC18F3CA-6898-4B3B-A077-E64575E323F6}.Release|Any CPU.ActiveCfg = Release|Any CPU
		{DC18F3CA-6898-4B3B-A077-E64575E323F6}.Release|Any CPU.Build.0 = Release|Any CPU
	EndGlobalSection
	GlobalSection(SolutionProperties) = preSolution
		HideSolutionNode = FALSE
	EndGlobalSection
	GlobalSection(ExtensibilityGlobals) = postSolution
		SolutionGuid = {EB28031D-D61E-4B61-BB0B-E658C04FD1FF}
	EndGlobalSection
EndGlobal
